
Microsoft Visual Studio Solution File, Format Version 12.00
# Visual Studio Version 16
VisualStudioVersion = 16.0.30503.244
MinimumVisualStudioVersion = 10.0.40219.1
Project("{FAE04EC0-301F-11D3-BF4B-00C04F79EFBC}") = "CRUD", "CRUD\CRUD.csproj", "{C5D46F29-3012-4EE4-9E78-2EF31F5CEF07}"
EndProject
Global
	GlobalSection(SolutionConfigurationPlatforms) = preSolution
		Debug|Any CPU = Debug|Any CPU
		Release|Any CPU = Release|Any CPU
	EndGlobalSection
	GlobalSection(ProjectConfigurationPlatforms) = postSolution
		{C5D46F29-3012-4EE4-9E78-2EF31F5CEF07}.Debug|Any CPU.ActiveCfg = Debug|Any CPU
		{C5D46F29-3012-4EE4-9E78-2EF31F5CEF07}.Debug|Any CPU.Build.0 = Debug|Any CPU
		{C5D46F29-3012-4EE4-9E78-2EF31F5CEF07}.Release|Any CPU.ActiveCfg = Release|Any CPU
		{C5D46F29-3012-4EE4-9E78-2EF31F5CEF07}.Release|Any CPU.Build.0 = Release|Any CPU
	EndGlobalSection
	GlobalSection(SolutionProperties) = preSolution
		HideSolutionNode = FALSE
	EndGlobalSection
	GlobalSection(ExtensibilityGlobals) = postSolution
		SolutionGuid = {CE36FE97-3376-40A9-8E89-FA3DE0CD808B}
	EndGlobalSection
EndGlobal
